// !$*UTF8*$!
{
	archiveVersion = 1;
	classes = {
	};
	objectVersion = 77;
	objects = {

/* Begin PBXBuildFile section */
		CE68AA6B2D0A1695002416C5 /* LaunchAtLogin in Frameworks */ = {isa = PBXBuildFile; productRef = CE68AA6A2D0A1695002416C5 /* LaunchAtLogin */; };
		FCE61B872EA6BBCF00CEB75E /* CheckidayKit in Frameworks */ = {isa = PBXBuildFile; productRef = FCE61B862EA6BBCF00CEB75E /* CheckidayKit */; };
/* End PBXBuildFile section */

/* Begin PBXContainerItemProxy section */
		FCE61BAA2EA6BFFF00CEB75E /* PBXContainerItemProxy */ = {
			isa = PBXContainerItemProxy;
			containerPortal = CEA51DAE2CEBE39500A20D1E /* Project object */;
			proxyType = 1;
			remoteGlobalIDString = CEA51DB52CEBE39500A20D1E;
			remoteInfo = Checkiday;
		};
/* End PBXContainerItemProxy section */

/* Begin PBXFileReference section */
		CEA51DB62CEBE39500A20D1E /* Checkiday.app */ = {isa = PBXFileReference; explicitFileType = wrapper.application; includeInIndex = 0; path = Checkiday.app; sourceTree = BUILT_PRODUCTS_DIR; };
		FCE61BA62EA6BFFF00CEB75E /* CheckidayTests.xctest */ = {isa = PBXFileReference; explicitFileType = wrapper.cfbundle; includeInIndex = 0; path = CheckidayTests.xctest; sourceTree = BUILT_PRODUCTS_DIR; };
/* End PBXFileReference section */

/* Begin PBXFileSystemSynchronizedBuildFileExceptionSet section */
		FCE61BA12EA6BEEA00CEB75E /* Exceptions for "Checkiday" folder in "Checkiday" target */ = {
			isa = PBXFileSystemSynchronizedBuildFileExceptionSet;
			membershipExceptions = (
				Config.xcconfig,
			);
			target = CEA51DB52CEBE39500A20D1E /* Checkiday */;
		};
/* End PBXFileSystemSynchronizedBuildFileExceptionSet section */

/* Begin PBXFileSystemSynchronizedRootGroup section */
		CEA51DB82CEBE39500A20D1E /* Checkiday */ = {
			isa = PBXFileSystemSynchronizedRootGroup;
			exceptions = (
				FCE61BA12EA6BEEA00CEB75E /* Exceptions for "Checkiday" folder in "Checkiday" target */,
			);
			path = Checkiday;
			sourceTree = "<group>";
		};
		FCE61BA72EA6BFFF00CEB75E /* CheckidayTests */ = {
			isa = PBXFileSystemSynchronizedRootGroup;
			path = CheckidayTests;
			sourceTree = "<group>";
		};
/* End PBXFileSystemSynchronizedRootGroup section */

/* Begin PBXFrameworksBuildPhase section */
		CEA51DB32CEBE39500A20D1E /* Frameworks */ = {
			isa = PBXFrameworksBuildPhase;
			buildActionMask = 2147483647;
			files = (
				CE68AA6B2D0A1695002416C5 /* LaunchAtLogin in Frameworks */,
				FCE61B872EA6BBCF00CEB75E /* CheckidayKit in Frameworks */,
			);
			runOnlyForDeploymentPostprocessing = 0;
		};
		FCE61BA32EA6BFFF00CEB75E /* Frameworks */ = {
			isa = PBXFrameworksBuildPhase;
			buildActionMask = 2147483647;
			files = (
			);
			runOnlyForDeploymentPostprocessing = 0;
		};
/* End PBXFrameworksBuildPhase section */

/* Begin PBXGroup section */
		CEA51DAD2CEBE39500A20D1E = {
			isa = PBXGroup;
			children = (
				CEA51DB82CEBE39500A20D1E /* Checkiday */,
				FCE61BA72EA6BFFF00CEB75E /* CheckidayTests */,
				CEA51DB72CEBE39500A20D1E /* Products */,
			);
			sourceTree = "<group>";
		};
		CEA51DB72CEBE39500A20D1E /* Products */ = {
			isa = PBXGroup;
			children = (
				CEA51DB62CEBE39500A20D1E /* Checkiday.app */,
				FCE61BA62EA6BFFF00CEB75E /* CheckidayTests.xctest */,
			);
			name = Products;
			sourceTree = "<group>";
		};
/* End PBXGroup section */

/* Begin PBXNativeTarget section */
		CEA51DB52CEBE39500A20D1E /* Checkiday */ = {
			isa = PBXNativeTarget;
			buildConfigurationList = CEA51DC52CEBE39600A20D1E /* Build configuration list for PBXNativeTarget "Checkiday" */;
			buildPhases = (
				CEA51DB22CEBE39500A20D1E /* Sources */,
				CEA51DB32CEBE39500A20D1E /* Frameworks */,
				CEA51DB42CEBE39500A20D1E /* Resources */,
			);
			buildRules = (
			);
			dependencies = (
			);
			fileSystemSynchronizedGroups = (
				CEA51DB82CEBE39500A20D1E /* Checkiday */,
			);
			name = Checkiday;
			packageProductDependencies = (
				CE68AA6A2D0A1695002416C5 /* LaunchAtLogin */,
				FCE61B862EA6BBCF00CEB75E /* CheckidayKit */,
			);
			productName = Checkiday;
			productReference = CEA51DB62CEBE39500A20D1E /* Checkiday.app */;
			productType = "com.apple.product-type.application";
		};
		FCE61BA52EA6BFFF00CEB75E /* CheckidayTests */ = {
			isa = PBXNativeTarget;
			buildConfigurationList = FCE61BAC2EA6BFFF00CEB75E /* Build configuration list for PBXNativeTarget "CheckidayTests" */;
			buildPhases = (
				FCE61BA22EA6BFFF00CEB75E /* Sources */,
				FCE61BA32EA6BFFF00CEB75E /* Frameworks */,
				FCE61BA42EA6BFFF00CEB75E /* Resources */,
			);
			buildRules = (
			);
			dependencies = (
				FCE61BAB2EA6BFFF00CEB75E /* PBXTargetDependency */,
			);
			fileSystemSynchronizedGroups = (
				FCE61BA72EA6BFFF00CEB75E /* CheckidayTests */,
			);
			name = CheckidayTests;
			packageProductDependencies = (
			);
			productName = CheckidayTests;
			productReference = FCE61BA62EA6BFFF00CEB75E /* CheckidayTests.xctest */;
			productType = "com.apple.product-type.bundle.unit-test";
		};
/* End PBXNativeTarget section */

/* Begin PBXProject section */
		CEA51DAE2CEBE39500A20D1E /* Project object */ = {
			isa = PBXProject;
			attributes = {
				BuildIndependentTargetsInParallel = 1;
				LastSwiftUpdateCheck = 2600;
				LastUpgradeCheck = 2600;
				TargetAttributes = {
					CEA51DB52CEBE39500A20D1E = {
						CreatedOnToolsVersion = 16.1;
					};
					FCE61BA52EA6BFFF00CEB75E = {
						CreatedOnToolsVersion = 26.0.1;
						TestTargetID = CEA51DB52CEBE39500A20D1E;
					};
				};
			};
			buildConfigurationList = CEA51DB12CEBE39500A20D1E /* Build configuration list for PBXProject "Checkiday" */;
			developmentRegion = en;
			hasScannedForEncodings = 0;
			knownRegions = (
				en,
				Base,
			);
			mainGroup = CEA51DAD2CEBE39500A20D1E;
			minimizedProjectReferenceProxies = 1;
			packageReferences = (
				CE68AA692D0A1695002416C5 /* XCRemoteSwiftPackageReference "LaunchAtLogin-Modern" */,
				FCE61B852EA6BBCF00CEB75E /* XCLocalSwiftPackageReference "../CheckidayKit" */,
			);
			preferredProjectObjectVersion = 77;
			productRefGroup = CEA51DB72CEBE39500A20D1E /* Products */;
			projectDirPath = "";
			projectRoot = "";
			targets = (
				CEA51DB52CEBE39500A20D1E /* Checkiday */,
				FCE61BA52EA6BFFF00CEB75E /* CheckidayTests */,
			);
		};
/* End PBXProject section */

/* Begin PBXResourcesBuildPhase section */
		CEA51DB42CEBE39500A20D1E /* Resources */ = {
			isa = PBXResourcesBuildPhase;
			buildActionMask = 2147483647;
			files = (
			);
			runOnlyForDeploymentPostprocessing = 0;
		};
		FCE61BA42EA6BFFF00CEB75E /* Resources */ = {
			isa = PBXResourcesBuildPhase;
			buildActionMask = 2147483647;
			files = (
			);
			runOnlyForDeploymentPostprocessing = 0;
		};
/* End PBXResourcesBuildPhase section */

/* Begin PBXSourcesBuildPhase section */
		CEA51DB22CEBE39500A20D1E /* Sources */ = {
			isa = PBXSourcesBuildPhase;
			buildActionMask = 2147483647;
			files = (
			);
			runOnlyForDeploymentPostprocessing = 0;
		};
		FCE61BA22EA6BFFF00CEB75E /* Sources */ = {
			isa = PBXSourcesBuildPhase;
			buildActionMask = 2147483647;
			files = (
			);
			runOnlyForDeploymentPostprocessing = 0;
		};
/* End PBXSourcesBuildPhase section */

/* Begin PBXTargetDependency section */
		FCE61BAB2EA6BFFF00CEB75E /* PBXTargetDependency */ = {
			isa = PBXTargetDependency;
			target = CEA51DB52CEBE39500A20D1E /* Checkiday */;
			targetProxy = FCE61BAA2EA6BFFF00CEB75E /* PBXContainerItemProxy */;
		};
/* End PBXTargetDependency section */

/* Begin XCBuildConfiguration section */
		CEA51DC32CEBE39600A20D1E /* Debug */ = {
			isa = XCBuildConfiguration;
			baseConfigurationReferenceAnchor = CEA51DB82CEBE39500A20D1E /* Checkiday */;
			baseConfigurationReferenceRelativePath = Config.xcconfig;
			buildSettings = {
				ALWAYS_SEARCH_USER_PATHS = NO;
				ASSETCATALOG_COMPILER_GENERATE_SWIFT_ASSET_SYMBOL_EXTENSIONS = YES;
				CLANG_ANALYZER_NONNULL = YES;
				CLANG_ANALYZER_NUMBER_OBJECT_CONVERSION = YES_AGGRESSIVE;
				CLANG_CXX_LANGUAGE_STANDARD = "gnu++20";
				CLANG_ENABLE_MODULES = YES;
				CLANG_ENABLE_OBJC_ARC = YES;
				CLANG_ENABLE_OBJC_WEAK = YES;
				CLANG_WARN_BLOCK_CAPTURE_AUTORELEASING = YES;
				CLANG_WARN_BOOL_CONVERSION = YES;
				CLANG_WARN_COMMA = YES;
				CLANG_WARN_CONSTANT_CONVERSION = YES;
				CLANG_WARN_DEPRECATED_OBJC_IMPLEMENTATIONS = YES;
				CLANG_WARN_DIRECT_OBJC_ISA_USAGE = YES_ERROR;
				CLANG_WARN_DOCUMENTATION_COMMENTS = YES;
				CLANG_WARN_EMPTY_BODY = YES;
				CLANG_WARN_ENUM_CONVERSION = YES;
				CLANG_WARN_INFINITE_RECURSION = YES;
				CLANG_WARN_INT_CONVERSION = YES;
				CLANG_WARN_NON_LITERAL_NULL_CONVERSION = YES;
				CLANG_WARN_OBJC_IMPLICIT_RETAIN_SELF = YES;
				CLANG_WARN_OBJC_LITERAL_CONVERSION = YES;
				CLANG_WARN_OBJC_ROOT_CLASS = YES_ERROR;
				CLANG_WARN_QUOTED_INCLUDE_IN_FRAMEWORK_HEADER = YES;
				CLANG_WARN_RANGE_LOOP_ANALYSIS = YES;
				CLANG_WARN_STRICT_PROTOTYPES = YES;
				CLANG_WARN_SUSPICIOUS_MOVE = YES;
				CLANG_WARN_UNGUARDED_AVAILABILITY = YES_AGGRESSIVE;
				CLANG_WARN_UNREACHABLE_CODE = YES;
				CLANG_WARN__DUPLICATE_METHOD_MATCH = YES;
				COPY_PHASE_STRIP = NO;
				DEAD_CODE_STRIPPING = YES;
				DEBUG_INFORMATION_FORMAT = dwarf;
				ENABLE_STRICT_OBJC_MSGSEND = YES;
				ENABLE_TESTABILITY = YES;
				ENABLE_USER_SCRIPT_SANDBOXING = YES;
				GCC_C_LANGUAGE_STANDARD = gnu17;
				GCC_DYNAMIC_NO_PIC = NO;
				GCC_NO_COMMON_BLOCKS = YES;
				GCC_OPTIMIZATION_LEVEL = 0;
				GCC_PREPROCESSOR_DEFINITIONS = (
					"DEBUG=1",
					"$(inherited)",
				);
				GCC_WARN_64_TO_32_BIT_CONVERSION = YES;
				GCC_WARN_ABOUT_RETURN_TYPE = YES_ERROR;
				GCC_WARN_UNDECLARED_SELECTOR = YES;
				GCC_WARN_UNINITIALIZED_AUTOS = YES_AGGRESSIVE;
				GCC_WARN_UNUSED_FUNCTION = YES;
				GCC_WARN_UNUSED_VARIABLE = YES;
				LOCALIZATION_PREFERS_STRING_CATALOGS = YES;
				MACOSX_DEPLOYMENT_TARGET = 15.1;
				MTL_ENABLE_DEBUG_INFO = INCLUDE_SOURCE;
				MTL_FAST_MATH = YES;
				ONLY_ACTIVE_ARCH = YES;
				SDKROOT = macosx;
				STRING_CATALOG_GENERATE_SYMBOLS = YES;
				SWIFT_ACTIVE_COMPILATION_CONDITIONS = "DEBUG $(inherited)";
				SWIFT_OPTIMIZATION_LEVEL = "-Onone";
			};
			name = Debug;
		};
		CEA51DC42CEBE39600A20D1E /* Release */ = {
			isa = XCBuildConfiguration;
			baseConfigurationReferenceAnchor = CEA51DB82CEBE39500A20D1E /* Checkiday */;
			baseConfigurationReferenceRelativePath = Config.xcconfig;
			buildSettings = {
				ALWAYS_SEARCH_USER_PATHS = NO;
				ASSETCATALOG_COMPILER_GENERATE_SWIFT_ASSET_SYMBOL_EXTENSIONS = YES;
				CLANG_ANALYZER_NONNULL = YES;
				CLANG_ANALYZER_NUMBER_OBJECT_CONVERSION = YES_AGGRESSIVE;
				CLANG_CXX_LANGUAGE_STANDARD = "gnu++20";
				CLANG_ENABLE_MODULES = YES;
				CLANG_ENABLE_OBJC_ARC = YES;
				CLANG_ENABLE_OBJC_WEAK = YES;
				CLANG_WARN_BLOCK_CAPTURE_AUTORELEASING = YES;
				CLANG_WARN_BOOL_CONVERSION = YES;
				CLANG_WARN_COMMA = YES;
				CLANG_WARN_CONSTANT_CONVERSION = YES;
				CLANG_WARN_DEPRECATED_OBJC_IMPLEMENTATIONS = YES;
				CLANG_WARN_DIRECT_OBJC_ISA_USAGE = YES_ERROR;
				CLANG_WARN_DOCUMENTATION_COMMENTS = YES;
				CLANG_WARN_EMPTY_BODY = YES;
				CLANG_WARN_ENUM_CONVERSION = YES;
				CLANG_WARN_INFINITE_RECURSION = YES;
				CLANG_WARN_INT_CONVERSION = YES;
				CLANG_WARN_NON_LITERAL_NULL_CONVERSION = YES;
				CLANG_WARN_OBJC_IMPLICIT_RETAIN_SELF = YES;
				CLANG_WARN_OBJC_LITERAL_CONVERSION = YES;
				CLANG_WARN_OBJC_ROOT_CLASS = YES_ERROR;
				CLANG_WARN_QUOTED_INCLUDE_IN_FRAMEWORK_HEADER = YES;
				CLANG_WARN_RANGE_LOOP_ANALYSIS = YES;
				CLANG_WARN_STRICT_PROTOTYPES = YES;
				CLANG_WARN_SUSPICIOUS_MOVE = YES;
				CLANG_WARN_UNGUARDED_AVAILABILITY = YES_AGGRESSIVE;
				CLANG_WARN_UNREACHABLE_CODE = YES;
				CLANG_WARN__DUPLICATE_METHOD_MATCH = YES;
				COPY_PHASE_STRIP = NO;
				DEAD_CODE_STRIPPING = YES;
				DEBUG_INFORMATION_FORMAT = "dwarf-with-dsym";
				ENABLE_NS_ASSERTIONS = NO;
				ENABLE_STRICT_OBJC_MSGSEND = YES;
				ENABLE_USER_SCRIPT_SANDBOXING = YES;
				GCC_C_LANGUAGE_STANDARD = gnu17;
				GCC_NO_COMMON_BLOCKS = YES;
				GCC_WARN_64_TO_32_BIT_CONVERSION = YES;
				GCC_WARN_ABOUT_RETURN_TYPE = YES_ERROR;
				GCC_WARN_UNDECLARED_SELECTOR = YES;
				GCC_WARN_UNINITIALIZED_AUTOS = YES_AGGRESSIVE;
				GCC_WARN_UNUSED_FUNCTION = YES;
				GCC_WARN_UNUSED_VARIABLE = YES;
				LOCALIZATION_PREFERS_STRING_CATALOGS = YES;
				MACOSX_DEPLOYMENT_TARGET = 15.1;
				MTL_ENABLE_DEBUG_INFO = NO;
				MTL_FAST_MATH = YES;
				SDKROOT = macosx;
				STRING_CATALOG_GENERATE_SYMBOLS = YES;
				SWIFT_COMPILATION_MODE = wholemodule;
			};
			name = Release;
		};
		CEA51DC62CEBE39600A20D1E /* Debug */ = {
			isa = XCBuildConfiguration;
			baseConfigurationReferenceAnchor = CEA51DB82CEBE39500A20D1E /* Checkiday */;
			baseConfigurationReferenceRelativePath = Config.xcconfig;
			buildSettings = {
				ASSETCATALOG_COMPILER_APPICON_NAME = AppIcon;
				ASSETCATALOG_COMPILER_GLOBAL_ACCENT_COLOR_NAME = AccentColor;
				CODE_SIGN_ENTITLEMENTS = Checkiday/Checkiday.entitlements;
				"CODE_SIGN_IDENTITY[sdk=macosx*]" = "-";
				CODE_SIGN_STYLE = Automatic;
				COMBINE_HIDPI_IMAGES = YES;
				COPYRIGHT = "$(COPYRIGHT";
				CURRENT_PROJECT_VERSION = "$(BUILD_NUMBER)";
				DEAD_CODE_STRIPPING = YES;
				DEVELOPMENT_ASSET_PATHS = "\"Checkiday/Preview Content\"";
				ENABLE_APP_SANDBOX = YES;
				ENABLE_HARDENED_RUNTIME = YES;
				ENABLE_OUTGOING_NETWORK_CONNECTIONS = YES;
				ENABLE_PREVIEWS = YES;
				ENABLE_USER_SELECTED_FILES = readonly;
				GENERATE_INFOPLIST_FILE = YES;
				INFOPLIST_KEY_CFBundleDisplayName = "Checkiday MenuBar App";
				INFOPLIST_KEY_LSApplicationCategoryType = "public.app-category.reference";
				INFOPLIST_KEY_LSUIElement = YES;
				INFOPLIST_KEY_NSHumanReadableCopyright = "";
				LD_RUNPATH_SEARCH_PATHS = (
					"$(inherited)",
					"@executable_path/../Frameworks",
				);
				MACOSX_DEPLOYMENT_TARGET = 26.0;
				MARKETING_VERSION = 3.0.0;
				PRODUCT_BUNDLE_IDENTIFIER = com.retgits.checkiday;
				PRODUCT_NAME = "$(TARGET_NAME)";
				SWIFT_EMIT_LOC_STRINGS = YES;
				SWIFT_VERSION = 5.0;
			};
			name = Debug;
		};
		CEA51DC72CEBE39600A20D1E /* Release */ = {
			isa = XCBuildConfiguration;
			baseConfigurationReferenceAnchor = CEA51DB82CEBE39500A20D1E /* Checkiday */;
			baseConfigurationReferenceRelativePath = Config.xcconfig;
			buildSettings = {
				ASSETCATALOG_COMPILER_APPICON_NAME = AppIcon;
				ASSETCATALOG_COMPILER_GLOBAL_ACCENT_COLOR_NAME = AccentColor;
				CODE_SIGN_ENTITLEMENTS = Checkiday/Checkiday.entitlements;
				"CODE_SIGN_IDENTITY[sdk=macosx*]" = "-";
				CODE_SIGN_STYLE = Automatic;
				COMBINE_HIDPI_IMAGES = YES;
				COPYRIGHT = "$(COPYRIGHT";
				CURRENT_PROJECT_VERSION = "$(BUILD_NUMBER)";
				DEAD_CODE_STRIPPING = YES;
				DEVELOPMENT_ASSET_PATHS = "\"Checkiday/Preview Content\"";
				ENABLE_APP_SANDBOX = YES;
				ENABLE_HARDENED_RUNTIME = YES;
				ENABLE_OUTGOING_NETWORK_CONNECTIONS = YES;
				ENABLE_PREVIEWS = YES;
				ENABLE_USER_SELECTED_FILES = readonly;
				GENERATE_INFOPLIST_FILE = YES;
				INFOPLIST_KEY_CFBundleDisplayName = "Checkiday MenuBar App";
				INFOPLIST_KEY_LSApplicationCategoryType = "public.app-category.reference";
				INFOPLIST_KEY_LSUIElement = YES;
				INFOPLIST_KEY_NSHumanReadableCopyright = "";
				LD_RUNPATH_SEARCH_PATHS = (
					"$(inherited)",
					"@executable_path/../Frameworks",
				);
				MACOSX_DEPLOYMENT_TARGET = 26.0;
				MARKETING_VERSION = 3.0.0;
				PRODUCT_BUNDLE_IDENTIFIER = com.retgits.checkiday;
				PRODUCT_NAME = "$(TARGET_NAME)";
				SWIFT_EMIT_LOC_STRINGS = YES;
				SWIFT_VERSION = 5.0;
			};
			name = Release;
		};
		FCE61BAD2EA6BFFF00CEB75E /* Debug */ = {
			isa = XCBuildConfiguration;
			buildSettings = {
				BUNDLE_LOADER = "$(TEST_HOST)";
				CODE_SIGN_STYLE = Automatic;
				CURRENT_PROJECT_VERSION = 1;
				GENERATE_INFOPLIST_FILE = YES;
				MACOSX_DEPLOYMENT_TARGET = 26.0;
				MARKETING_VERSION = 1.0;
				PRODUCT_BUNDLE_IDENTIFIER = com.retgits.CheckidayTests;
				PRODUCT_NAME = "$(TARGET_NAME)";
				STRING_CATALOG_GENERATE_SYMBOLS = NO;
				SWIFT_APPROACHABLE_CONCURRENCY = YES;
				SWIFT_EMIT_LOC_STRINGS = NO;
				SWIFT_UPCOMING_FEATURE_MEMBER_IMPORT_VISIBILITY = YES;
				SWIFT_VERSION = 5.0;
				TEST_HOST = "$(BUILT_PRODUCTS_DIR)/Checkiday.app/$(BUNDLE_EXECUTABLE_FOLDER_PATH)/Checkiday";
			};
			name = Debug;
		};
		FCE61BAE2EA6BFFF00CEB75E /* Release */ = {
			isa = XCBuildConfiguration;
			buildSettings = {
				BUNDLE_LOADER = "$(TEST_HOST)";
				CODE_SIGN_STYLE = Automatic;
				CURRENT_PROJECT_VERSION = 1;
				GENERATE_INFOPLIST_FILE = YES;
				MACOSX_DEPLOYMENT_TARGET = 26.0;
				MARKETING_VERSION = 1.0;
				PRODUCT_BUNDLE_IDENTIFIER = com.retgits.CheckidayTests;
				PRODUCT_NAME = "$(TARGET_NAME)";
				STRING_CATALOG_GENERATE_SYMBOLS = NO;
				SWIFT_APPROACHABLE_CONCURRENCY = YES;
				SWIFT_EMIT_LOC_STRINGS = NO;
				SWIFT_UPCOMING_FEATURE_MEMBER_IMPORT_VISIBILITY = YES;
				SWIFT_VERSION = 5.0;
				TEST_HOST = "$(BUILT_PRODUCTS_DIR)/Checkiday.app/$(BUNDLE_EXECUTABLE_FOLDER_PATH)/Checkiday";
			};
			name = Release;
		};
/* End XCBuildConfiguration section */

/* Begin XCConfigurationList section */
		CEA51DB12CEBE39500A20D1E /* Build configuration list for PBXProject "Checkiday" */ = {
			isa = XCConfigurationList;
			buildConfigurations = (
				CEA51DC32CEBE39600A20D1E /* Debug */,
				CEA51DC42CEBE39600A20D1E /* Release */,
			);
			defaultConfigurationIsVisible = 0;
			defaultConfigurationName = Release;
		};
		CEA51DC52CEBE39600A20D1E /* Build configuration list for PBXNativeTarget "Checkiday" */ = {
			isa = XCConfigurationList;
			buildConfigurations = (
				CEA51DC62CEBE39600A20D1E /* Debug */,
				CEA51DC72CEBE39600A20D1E /* Release */,
			);
			defaultConfigurationIsVisible = 0;
			defaultConfigurationName = Release;
		};
		FCE61BAC2EA6BFFF00CEB75E /* Build configuration list for PBXNativeTarget "CheckidayTests" */ = {
			isa = XCConfigurationList;
			buildConfigurations = (
				FCE61BAD2EA6BFFF00CEB75E /* Debug */,
				FCE61BAE2EA6BFFF00CEB75E /* Release */,
			);
			defaultConfigurationIsVisible = 0;
			defaultConfigurationName = Release;
		};
/* End XCConfigurationList section */

/* Begin XCLocalSwiftPackageReference section */
		FCE61B852EA6BBCF00CEB75E /* XCLocalSwiftPackageReference "../CheckidayKit" */ = {
			isa = XCLocalSwiftPackageReference;
			relativePath = ../CheckidayKit;
		};
/* End XCLocalSwiftPackageReference section */

/* Begin XCRemoteSwiftPackageReference section */
		CE68AA692D0A1695002416C5 /* XCRemoteSwiftPackageReference "LaunchAtLogin-Modern" */ = {
			isa = XCRemoteSwiftPackageReference;
			repositoryURL = "https://github.com/sindresorhus/LaunchAtLogin-Modern";
			requirement = {
				branch = main;
				kind = branch;
			};
		};
/* End XCRemoteSwiftPackageReference section */

/* Begin XCSwiftPackageProductDependency section */
		CE68AA6A2D0A1695002416C5 /* LaunchAtLogin */ = {
			isa = XCSwiftPackageProductDependency;
			package = CE68AA692D0A1695002416C5 /* XCRemoteSwiftPackageReference "LaunchAtLogin-Modern" */;
			productName = LaunchAtLogin;
		};
		FCE61B862EA6BBCF00CEB75E /* CheckidayKit */ = {
			isa = XCSwiftPackageProductDependency;
			productName = CheckidayKit;
		};
/* End XCSwiftPackageProductDependency section */
	};
	rootObject = CEA51DAE2CEBE39500A20D1E /* Project object */;
}
